
Microsoft Visual Studio Solution File, Format Version 12.00
# Visual Studio Version 16
VisualStudioVersion = 25.0.1700.3
MinimumVisualStudioVersion = 10.0.40219.1
Project("{FAE04EC0-301F-11D3-BF4B-00C04F79EFBC}") = "Bolingbroke.API", "Bolingbroke.API\Bolingbroke.API.csproj", "{000A0856-5AF2-42DF-9B05-3CBBF3283CD2}"
EndProject
Project("{FAE04EC0-301F-11D3-BF4B-00C04F79EFBC}") = "Bolingbroke.Repository", "Bolingbroke.Repository\Bolingbroke.Repository.csproj", "{B769888C-511E-4BB0-ACD3-C644E9EEFCE9}"
EndProject
Global
	GlobalSection(SolutionConfigurationPlatforms) = preSolution
		Debug|Any CPU = Debug|Any CPU
		Release|Any CPU = Release|Any CPU
	EndGlobalSection
	GlobalSection(ProjectConfigurationPlatforms) = postSolution
		{000A0856-5AF2-42DF-9B05-3CBBF3283CD2}.Debug|Any CPU.ActiveCfg = Debug|Any CPU
		{000A0856-5AF2-42DF-9B05-3CBBF3283CD2}.Debug|Any CPU.Build.0 = Debug|Any CPU
		{000A0856-5AF2-42DF-9B05-3CBBF3283CD2}.Release|Any CPU.ActiveCfg = Release|Any CPU
		{000A0856-5AF2-42DF-9B05-3CBBF3283CD2}.Release|Any CPU.Build.0 = Release|Any CPU
		{B769888C-511E-4BB0-ACD3-C644E9EEFCE9}.Debug|Any CPU.ActiveCfg = Debug|Any CPU
		{B769888C-511E-4BB0-ACD3-C644E9EEFCE9}.Debug|Any CPU.Build.0 = Debug|Any CPU
		{B769888C-511E-4BB0-ACD3-C644E9EEFCE9}.Release|Any CPU.ActiveCfg = Release|Any CPU
		{B769888C-511E-4BB0-ACD3-C644E9EEFCE9}.Release|Any CPU.Build.0 = Release|Any CPU
	EndGlobalSection
	GlobalSection(SolutionProperties) = preSolution
		HideSolutionNode = FALSE
	EndGlobalSection
	GlobalSection(ExtensibilityGlobals) = postSolution
		SolutionGuid = {714237B8-D332-4612-92DD-7502EF00F400}
	EndGlobalSection
EndGlobal
